
Microsoft Visual Studio Solution File, Format Version 12.00
# Visual Studio Version 17
VisualStudioVersion = 17.11.35327.3
MinimumVisualStudioVersion = 10.0.40219.1
Project("{FAE04EC0-301F-11D3-BF4B-00C04F79EFBC}") = "updateEmployee", "updateEmployee\updateEmployee.csproj", "{B579AC4F-81FF-490F-BD5F-E90BC124E41D}"
EndProject
Global
	GlobalSection(SolutionConfigurationPlatforms) = preSolution
		Debug|Any CPU = Debug|Any CPU
		Release|Any CPU = Release|Any CPU
	EndGlobalSection
	GlobalSection(ProjectConfigurationPlatforms) = postSolution
		{B579AC4F-81FF-490F-BD5F-E90BC124E41D}.Debug|Any CPU.ActiveCfg = Debug|Any CPU
		{B579AC4F-81FF-490F-BD5F-E90BC124E41D}.Debug|Any CPU.Build.0 = Debug|Any CPU
		{B579AC4F-81FF-490F-BD5F-E90BC124E41D}.Release|Any CPU.ActiveCfg = Release|Any CPU
		{B579AC4F-81FF-490F-BD5F-E90BC124E41D}.Release|Any CPU.Build.0 = Release|Any CPU
	EndGlobalSection
	GlobalSection(SolutionProperties) = preSolution
		HideSolutionNode = FALSE
	EndGlobalSection
	GlobalSection(ExtensibilityGlobals) = postSolution
		SolutionGuid = {67D4BECF-E658-42C1-817E-C3A3BC5472E0}
	EndGlobalSection
EndGlobal
